
Microsoft Visual Studio Solution File, Format Version 12.00
# Visual Studio Version 16
VisualStudioVersion = 16.0.30804.86
MinimumVisualStudioVersion = 10.0.40219.1
Project("{9A19103F-16F7-4668-BE54-9A1E7A4F7556}") = "MovieAPI", "MovieAPI\MovieAPI.csproj", "{18AF200D-1702-4CF9-B8B2-0BE0F3A74025}"
EndProject
Global
	GlobalSection(SolutionConfigurationPlatforms) = preSolution
		Debug|Any CPU = Debug|Any CPU
		Release|Any CPU = Release|Any CPU
	EndGlobalSection
	GlobalSection(ProjectConfigurationPlatforms) = postSolution
		{18AF200D-1702-4CF9-B8B2-0BE0F3A74025}.Debug|Any CPU.ActiveCfg = Debug|Any CPU
		{18AF200D-1702-4CF9-B8B2-0BE0F3A74025}.Debug|Any CPU.Build.0 = Debug|Any CPU
		{18AF200D-1702-4CF9-B8B2-0BE0F3A74025}.Release|Any CPU.ActiveCfg = Release|Any CPU
		{18AF200D-1702-4CF9-B8B2-0BE0F3A74025}.Release|Any CPU.Build.0 = Release|Any CPU
	EndGlobalSection
	GlobalSection(SolutionProperties) = preSolution
		HideSolutionNode = FALSE
	EndGlobalSection
	GlobalSection(ExtensibilityGlobals) = postSolution
		SolutionGuid = {670AAC06-44AA-4F37-A8D1-988219855CE8}
	EndGlobalSection
EndGlobal
